
Microsoft Visual Studio Solution File, Format Version 12.00
# Visual Studio Version 16
VisualStudioVersion = 16.0.29905.134
MinimumVisualStudioVersion = 10.0.40219.1
Project("{FAE04EC0-301F-11D3-BF4B-00C04F79EFBC}") = "PracticaHerencia", "PracticaHerencia\PracticaHerencia.csproj", "{3EACB8B3-E251-441D-86B0-EF4CF6FA20C1}"
EndProject
Project("{FAE04EC0-301F-11D3-BF4B-00C04F79EFBC}") = "PracticaInterfaz", "PracticaInterfaz\PracticaInterfaz.csproj", "{A8E8F970-79F2-4607-B63D-2225A41F8D82}"
EndProject
Project("{FAE04EC0-301F-11D3-BF4B-00C04F79EFBC}") = "Generico", "Generico\Generico.csproj", "{2106C63B-C23C-4056-B518-717A7B42E440}"
EndProject
Global
	GlobalSection(SolutionConfigurationPlatforms) = preSolution
		Debug|Any CPU = Debug|Any CPU
		Release|Any CPU = Release|Any CPU
	EndGlobalSection
	GlobalSection(ProjectConfigurationPlatforms) = postSolution
		{3EACB8B3-E251-441D-86B0-EF4CF6FA20C1}.Debug|Any CPU.ActiveCfg = Debug|Any CPU
		{3EACB8B3-E251-441D-86B0-EF4CF6FA20C1}.Debug|Any CPU.Build.0 = Debug|Any CPU
		{3EACB8B3-E251-441D-86B0-EF4CF6FA20C1}.Release|Any CPU.ActiveCfg = Release|Any CPU
		{3EACB8B3-E251-441D-86B0-EF4CF6FA20C1}.Release|Any CPU.Build.0 = Release|Any CPU
		{A8E8F970-79F2-4607-B63D-2225A41F8D82}.Debug|Any CPU.ActiveCfg = Debug|Any CPU
		{A8E8F970-79F2-4607-B63D-2225A41F8D82}.Debug|Any CPU.Build.0 = Debug|Any CPU
		{A8E8F970-79F2-4607-B63D-2225A41F8D82}.Release|Any CPU.ActiveCfg = Release|Any CPU
		{A8E8F970-79F2-4607-B63D-2225A41F8D82}.Release|Any CPU.Build.0 = Release|Any CPU
		{2106C63B-C23C-4056-B518-717A7B42E440}.Debug|Any CPU.ActiveCfg = Debug|Any CPU
		{2106C63B-C23C-4056-B518-717A7B42E440}.Debug|Any CPU.Build.0 = Debug|Any CPU
		{2106C63B-C23C-4056-B518-717A7B42E440}.Release|Any CPU.ActiveCfg = Release|Any CPU
		{2106C63B-C23C-4056-B518-717A7B42E440}.Release|Any CPU.Build.0 = Release|Any CPU
	EndGlobalSection
	GlobalSection(SolutionProperties) = preSolution
		HideSolutionNode = FALSE
	EndGlobalSection
	GlobalSection(ExtensibilityGlobals) = postSolution
		SolutionGuid = {108359A7-F4E7-4BC1-A618-722EAC0C67BE}
	EndGlobalSection
EndGlobal
